{
  "lockfileVersion": 1,
  "configVersion": 1,
  "workspaces": {
    "": {
      "name": "trd-web",
      "dependencies": {
        "apache-arrow": "21.1.0",
        "trd-wasm": "file:../crates/trd-wasm/pkg",
      },
      "devDependencies": {
        "@biomejs/biome": "2.4.16",
        "typescript": "^5.6.0",
      },
    },
  },
  "packages": {
    "@biomejs/biome": ["@biomejs/biome@2.4.16", "https://ms-feed-25.pkgs.visualstudio.com/1es-public/_packaging/npm-public/npm/registry/@biomejs/biome/-/biome-2.4.16.tgz", { "optionalDependencies": { "@biomejs/cli-darwin-arm64": "2.4.16", "@biomejs/cli-darwin-x64": "2.4.16", "@biomejs/cli-linux-arm64": "2.4.16", "@biomejs/cli-linux-arm64-musl": "2.4.16", "@biomejs/cli-linux-x64": "2.4.16", "@biomejs/cli-linux-x64-musl": "2.4.16", "@biomejs/cli-win32-arm64": "2.4.16", "@biomejs/cli-win32-x64": "2.4.16" }, "bin": { "biome": "bin/biome" } }, "sha1-JB/ur8vJwmztFgDlxgFvSztZnSQ="],

    "@biomejs/cli-darwin-arm64": ["@biomejs/cli-darwin-arm64@2.4.16", "https://ms-feed-25.pkgs.visualstudio.com/1es-public/_packaging/npm-public/npm/registry/@biomejs/cli-darwin-arm64/-/cli-darwin-arm64-2.4.16.tgz", { "os": "darwin", "cpu": "arm64" }, "sha1-w2HbRJIHKNV+KwpIu4jAmtARAbk="],

    "@biomejs/cli-darwin-x64": ["@biomejs/cli-darwin-x64@2.4.16", "https://ms-feed-25.pkgs.visualstudio.com/1es-public/_packaging/npm-public/npm/registry/@biomejs/cli-darwin-x64/-/cli-darwin-x64-2.4.16.tgz", { "os": "darwin", "cpu": "x64" }, "sha1-TmnP7NkvKQm4epod/2HxjbwBMIg="],

    "@biomejs/cli-linux-arm64": ["@biomejs/cli-linux-arm64@2.4.16", "https://ms-feed-12.pkgs.visualstudio.com/1es-public/_packaging/npm-public/npm/registry/@biomejs/cli-linux-arm64/-/cli-linux-arm64-2.4.16.tgz", { "os": "linux", "cpu": "arm64" }, "sha1-1t8ft1yl0F3seYXXT/5QPEw9M7E="],

    "@biomejs/cli-linux-arm64-musl": ["@biomejs/cli-linux-arm64-musl@2.4.16", "https://ms-feed-2.pkgs.visualstudio.com/1es-public/_packaging/npm-public/npm/registry/@biomejs/cli-linux-arm64-musl/-/cli-linux-arm64-musl-2.4.16.tgz", { "os": "linux", "cpu": "arm64" }, "sha1-VIXUpUTQgYopzgIiVimazklTF3k="],

    "@biomejs/cli-linux-x64": ["@biomejs/cli-linux-x64@2.4.16", "https://ms-feed-25.pkgs.visualstudio.com/1es-public/_packaging/npm-public/npm/registry/@biomejs/cli-linux-x64/-/cli-linux-x64-2.4.16.tgz", { "os": "linux", "cpu": "x64" }, "sha1-clxOTcDscYK7ScGMnTARhOZpiJ4="],

    "@biomejs/cli-linux-x64-musl": ["@biomejs/cli-linux-x64-musl@2.4.16", "https://ms-feed-12.pkgs.visualstudio.com/1es-public/_packaging/npm-public/npm/registry/@biomejs/cli-linux-x64-musl/-/cli-linux-x64-musl-2.4.16.tgz", { "os": "linux", "cpu": "x64" }, "sha1-TMtTDXA4eKI5wgSxOuuNXIz4DY8="],

    "@biomejs/cli-win32-arm64": ["@biomejs/cli-win32-arm64@2.4.16", "https://ms-feed-25.pkgs.visualstudio.com/1es-public/_packaging/npm-public/npm/registry/@biomejs/cli-win32-arm64/-/cli-win32-arm64-2.4.16.tgz", { "os": "win32", "cpu": "arm64" }, "sha1-Y55UM+ssQSx3mHAnCMloUd4LeCc="],

    "@biomejs/cli-win32-x64": ["@biomejs/cli-win32-x64@2.4.16", "https://ms-feed-25.pkgs.visualstudio.com/1es-public/_packaging/npm-public/npm/registry/@biomejs/cli-win32-x64/-/cli-win32-x64-2.4.16.tgz", { "os": "win32", "cpu": "x64" }, "sha1-MPt12FaGT/nTMk2iDHLJ8SHJrhY="],

    "@swc/helpers": ["@swc/helpers@0.5.23", "https://ms-feed-2.pkgs.visualstudio.com/1es-public/_packaging/npm-public/npm/registry/@swc/helpers/-/helpers-0.5.23.tgz", { "dependencies": { "tslib": "^2.8.0" } }, "sha1-GSh9DYbZYrERN2A5pQx5KQLJqGo="],

    "@types/command-line-args": ["@types/command-line-args@5.2.3", "https://ms-feed-25.pkgs.visualstudio.com/1es-public/_packaging/npm-public/npm/registry/@types/command-line-args/-/command-line-args-5.2.3.tgz", {}, "sha1-VTzi/VrPFgtEjTB2SbOP/GDTljk="],

    "@types/command-line-usage": ["@types/command-line-usage@5.0.4", "https://ms-feed-12.pkgs.visualstudio.com/1es-public/_packaging/npm-public/npm/registry/@types/command-line-usage/-/command-line-usage-5.0.4.tgz", {}, "sha1-N05MYtePvFpnCg822hAjWvh5oNU="],

    "@types/node": ["@types/node@24.13.2", "https://ms-feed-2.pkgs.visualstudio.com/1es-public/_packaging/npm-public/npm/registry/@types/node/-/node-24.13.2.tgz", { "dependencies": { "undici-types": "~7.18.0" } }, "sha1-O5soCnBVEoNZ8SXrEGfZoZDzmFQ="],

    "ansi-styles": ["ansi-styles@4.3.0", "https://ms-feed-2.pkgs.visualstudio.com/1es-public/_packaging/npm-public/npm/registry/ansi-styles/-/ansi-styles-4.3.0.tgz", { "dependencies": { "color-convert": "^2.0.1" } }, "sha1-7dgDYornHATIWuegkG7a00tkiTc="],

    "apache-arrow": ["apache-arrow@21.1.0", "https://ms-feed-2.pkgs.visualstudio.com/1es-public/_packaging/npm-public/npm/registry/apache-arrow/-/apache-arrow-21.1.0.tgz", { "dependencies": { "@swc/helpers": "^0.5.11", "@types/command-line-args": "^5.2.3", "@types/command-line-usage": "^5.0.4", "@types/node": "^24.0.3", "command-line-args": "^6.0.1", "command-line-usage": "^7.0.1", "flatbuffers": "^25.1.24", "json-bignum": "^0.0.3", "tslib": "^2.6.2" }, "bin": { "arrow2csv": "bin/arrow2csv.js" } }, "sha1-C40KhE16hswpkC81Yb+L54RLezY="],

    "array-back": ["array-back@6.2.3", "https://ms-feed-12.pkgs.visualstudio.com/1es-public/_packaging/npm-public/npm/registry/array-back/-/array-back-6.2.3.tgz", {}, "sha1-1B5nWYgF5hTyOzGbnllg37zXKuI="],

    "chalk": ["chalk@4.1.2", "https://ms-feed-2.pkgs.visualstudio.com/1es-public/_packaging/npm-public/npm/registry/chalk/-/chalk-4.1.2.tgz", { "dependencies": { "ansi-styles": "^4.1.0", "supports-color": "^7.1.0" } }, "sha1-qsTit3NKdAhnrrFr8CqtVWoeegE="],

    "chalk-template": ["chalk-template@0.4.0", "https://ms-feed-12.pkgs.visualstudio.com/1es-public/_packaging/npm-public/npm/registry/chalk-template/-/chalk-template-0.4.0.tgz", { "dependencies": { "chalk": "^4.1.2" } }, "sha1-aSwDTQ7WJDa5BiwXB/rc0PdTIEs="],

    "color-convert": ["color-convert@2.0.1", "https://ms-feed-25.pkgs.visualstudio.com/1es-public/_packaging/npm-public/npm/registry/color-convert/-/color-convert-2.0.1.tgz", { "dependencies": { "color-name": "~1.1.4" } }, "sha1-ctOmjVmMm9s68q0ehPIdiWq9TeM="],

    "color-name": ["color-name@1.1.4", "https://ms-feed-25.pkgs.visualstudio.com/1es-public/_packaging/npm-public/npm/registry/color-name/-/color-name-1.1.4.tgz", {}, "sha1-wqCah6y95pVD3m9j+jmVyCbFNqI="],

    "command-line-args": ["command-line-args@6.0.2", "https://ms-feed-25.pkgs.visualstudio.com/1es-public/_packaging/npm-public/npm/registry/command-line-args/-/command-line-args-6.0.2.tgz", { "dependencies": { "array-back": "^6.2.3", "find-replace": "^5.0.2", "lodash.camelcase": "^4.3.0", "typical": "^7.3.0" }, "peerDependencies": { "@75lb/nature": "latest" }, "optionalPeers": ["@75lb/nature"] }, "sha1-pbiofT8SqhcHwSLF7Ti8ZFNVFKA="],

    "command-line-usage": ["command-line-usage@7.0.4", "https://ms-feed-2.pkgs.visualstudio.com/1es-public/_packaging/npm-public/npm/registry/command-line-usage/-/command-line-usage-7.0.4.tgz", { "dependencies": { "array-back": "^6.2.2", "chalk-template": "^0.4.0", "table-layout": "^4.1.1", "typical": "^7.3.0" } }, "sha1-dZRJusOcVBDiNRPx94VRtmnfFRQ="],

    "find-replace": ["find-replace@5.0.2", "https://ms-feed-12.pkgs.visualstudio.com/1es-public/_packaging/npm-public/npm/registry/find-replace/-/find-replace-5.0.2.tgz", { "peerDependencies": { "@75lb/nature": "latest" }, "optionalPeers": ["@75lb/nature"] }, "sha1-/if/C+BZda72/GecETm7q+pWTiY="],

    "flatbuffers": ["flatbuffers@25.9.23", "https://ms-feed-25.pkgs.visualstudio.com/1es-public/_packaging/npm-public/npm/registry/flatbuffers/-/flatbuffers-25.9.23.tgz", {}, "sha1-NGgRVX/pMSq1ZHU155PHYenIHrE="],

    "has-flag": ["has-flag@4.0.0", "https://ms-feed-2.pkgs.visualstudio.com/1es-public/_packaging/npm-public/npm/registry/has-flag/-/has-flag-4.0.0.tgz", {}, "sha1-lEdx/ZyByBJlxNaUGGDaBrtZR5s="],

    "json-bignum": ["json-bignum@0.0.3", "https://ms-feed-25.pkgs.visualstudio.com/1es-public/_packaging/npm-public/npm/registry/json-bignum/-/json-bignum-0.0.3.tgz", {}, "sha1-QRY7UENsdz2CQk28IO1w23YEuNc="],

    "lodash.camelcase": ["lodash.camelcase@4.3.0", "https://ms-feed-25.pkgs.visualstudio.com/1es-public/_packaging/npm-public/npm/registry/lodash.camelcase/-/lodash.camelcase-4.3.0.tgz", {}, "sha1-soqmKIorn8ZRA1x3EfZathkDMaY="],

    "supports-color": ["supports-color@7.2.0", "https://ms-feed-2.pkgs.visualstudio.com/1es-public/_packaging/npm-public/npm/registry/supports-color/-/supports-color-7.2.0.tgz", { "dependencies": { "has-flag": "^4.0.0" } }, "sha1-G33NyzK4E4gBs+R4umpRyqiWSNo="],

    "table-layout": ["table-layout@4.1.1", "https://ms-feed-25.pkgs.visualstudio.com/1es-public/_packaging/npm-public/npm/registry/table-layout/-/table-layout-4.1.1.tgz", { "dependencies": { "array-back": "^6.2.2", "wordwrapjs": "^5.1.0" } }, "sha1-D3KWXeGlwMFBnJuiHK5Oc6L3OkI="],

    "trd-wasm": ["trd-wasm@file:../crates/trd-wasm/pkg", {}],

    "tslib": ["tslib@2.8.1", "https://ms-feed-25.pkgs.visualstudio.com/1es-public/_packaging/npm-public/npm/registry/tslib/-/tslib-2.8.1.tgz", {}, "sha1-YS7+TtI11Wfoq6Xypfq3AoCt6D8="],

    "typescript": ["typescript@5.9.3", "", { "bin": { "tsc": "bin/tsc", "tsserver": "bin/tsserver" } }, "sha512-jl1vZzPDinLr9eUt3J/t7V6FgNEw9QjvBPdysz9KfQDD41fQrC2Y4vKQdiaUpFT4bXlb1RHhLpp8wtm6M5TgSw=="],

    "typical": ["typical@7.3.0", "https://ms-feed-2.pkgs.visualstudio.com/1es-public/_packaging/npm-public/npm/registry/typical/-/typical-7.3.0.tgz", {}, "sha1-kwN2vjRCKHCfE0YTkR+iKqCWF6Q="],

    "undici-types": ["undici-types@7.18.2", "https://ms-feed-2.pkgs.visualstudio.com/1es-public/_packaging/npm-public/npm/registry/undici-types/-/undici-types-7.18.2.tgz", {}, "sha1-KTV6iee3ykrvO/D9P9DNc4hCKek="],

    "wordwrapjs": ["wordwrapjs@5.1.1", "https://ms-feed-2.pkgs.visualstudio.com/1es-public/_packaging/npm-public/npm/registry/wordwrapjs/-/wordwrapjs-5.1.1.tgz", {}, "sha1-v9HrQm8Pfuxzt98yz33x9hi/s6k="],
  }
}
